
Microsoft Visual Studio Solution File, Format Version 12.00
# Visual Studio Version 17
VisualStudioVersion = 17.4.33213.308
MinimumVisualStudioVersion = 10.0.40219.1
Project("{FAE04EC0-301F-11D3-BF4B-00C04F79EFBC}") = "VacationManager-Martin", "VacationManager-Martin\VacationManager-Martin.csproj", "{6451AACC-4327-4122-975F-BC80FE819946}"
EndProject
Global
	GlobalSection(SolutionConfigurationPlatforms) = preSolution
		Debug|Any CPU = Debug|Any CPU
		Release|Any CPU = Release|Any CPU
	EndGlobalSection
	GlobalSection(ProjectConfigurationPlatforms) = postSolution
		{6451AACC-4327-4122-975F-BC80FE819946}.Debug|Any CPU.ActiveCfg = Debug|Any CPU
		{6451AACC-4327-4122-975F-BC80FE819946}.Debug|Any CPU.Build.0 = Debug|Any CPU
		{6451AACC-4327-4122-975F-BC80FE819946}.Release|Any CPU.ActiveCfg = Release|Any CPU
		{6451AACC-4327-4122-975F-BC80FE819946}.Release|Any CPU.Build.0 = Release|Any CPU
	EndGlobalSection
	GlobalSection(SolutionProperties) = preSolution
		HideSolutionNode = FALSE
	EndGlobalSection
	GlobalSection(ExtensibilityGlobals) = postSolution
		SolutionGuid = {89C1C514-4E30-43DB-A336-7A00251DE533}
	EndGlobalSection
EndGlobal
